
Microsoft Visual Studio Solution File, Format Version 12.00
# Visual Studio Version 17
VisualStudioVersion = 17.5.33516.290
MinimumVisualStudioVersion = 10.0.40219.1
Project("{2150E333-8FDC-42A3-9474-1A3956D46DE8}") = "Services", "Services", "{BCABA7AC-C0AF-4A67-A7E3-237AC49D3647}"
EndProject
Project("{2150E333-8FDC-42A3-9474-1A3956D46DE8}") = "Catalog", "Catalog", "{4AA9AC0D-DCD1-4B00-B4AF-4FDAFF734DD9}"
EndProject
Project("{9A19103F-16F7-4668-BE54-9A1E7A4F7556}") = "Catalog.API", "Services\Catalog\Catalog.API\Catalog.API.csproj", "{4D27C160-8272-4098-A2EA-BF7C87853C11}"
EndProject
Project("{E53339B2-1760-4266-BCC7-CA923CBCF16C}") = "docker-compose", "docker-compose.dcproj", "{0D1ECF57-A3F9-4F6F-91AE-8A42175FE479}"
EndProject
Project("{2150E333-8FDC-42A3-9474-1A3956D46DE8}") = "Basket", "Basket", "{F958F369-CD86-49E9-841B-8088F29A8D3B}"
EndProject
Project("{9A19103F-16F7-4668-BE54-9A1E7A4F7556}") = "Basket.API", "Services\Basket\Basket.API\Basket.API.csproj", "{E1EF4585-1B5D-4384-99C1-5560845661C0}"
EndProject
Project("{2150E333-8FDC-42A3-9474-1A3956D46DE8}") = "Discount", "Discount", "{46B6F485-030B-47FB-A926-DEB958309B82}"
EndProject
Project("{9A19103F-16F7-4668-BE54-9A1E7A4F7556}") = "Discount.API", "Services\Discount\Discount.API\Discount.API.csproj", "{2EA0B1AA-CCDD-496F-B9E1-543F59BE2D50}"
EndProject
Project("{9A19103F-16F7-4668-BE54-9A1E7A4F7556}") = "Discount.Grpc", "Services\Discount\Discount.Grpc\Discount.Grpc.csproj", "{9B096E7C-6065-4110-9126-87B0136E2C1C}"
EndProject
Project("{2150E333-8FDC-42A3-9474-1A3956D46DE8}") = "Ordering", "Ordering", "{C2B705E1-6DC2-4FF3-B1EC-CF8D743C4158}"
EndProject
Project("{9A19103F-16F7-4668-BE54-9A1E7A4F7556}") = "Ordering.API", "Services\Ordering\Ordering.API\Ordering.API.csproj", "{7D837BE0-6174-40FE-930A-999C6086CA98}"
EndProject
Project("{9A19103F-16F7-4668-BE54-9A1E7A4F7556}") = "Ordering.Domain", "Services\Ordering\Ordering.Domain\Ordering.Domain.csproj", "{A2916614-2011-41C1-88BD-9BC5751DF0D7}"
EndProject
Project("{9A19103F-16F7-4668-BE54-9A1E7A4F7556}") = "Ordering.Application", "Services\Ordering\Ordering.Application\Ordering.Application.csproj", "{C8894891-289C-419B-9588-3ECBA5C56B91}"
EndProject
Project("{9A19103F-16F7-4668-BE54-9A1E7A4F7556}") = "Ordering.Infrastructure", "Services\Ordering\Ordering.Infrastructure\Ordering.Infrastructure.csproj", "{2AA4D74F-FDF3-4E1A-AEAC-84CCD0461C71}"
EndProject
Project("{2150E333-8FDC-42A3-9474-1A3956D46DE8}") = "BuildingBlocks", "BuildingBlocks", "{1842EDD9-E70B-4426-A64E-031BB52447EC}"
EndProject
Project("{9A19103F-16F7-4668-BE54-9A1E7A4F7556}") = "EventBus.Messages", "BuildingBlocks\EventBus.Messages\EventBus.Messages.csproj", "{19833FAC-F135-4A4A-8438-0F6E1C25B4A2}"
EndProject
Project("{2150E333-8FDC-42A3-9474-1A3956D46DE8}") = "ApiGateways", "ApiGateways", "{D3861DA8-9388-4827-B172-A06B18CBB4A8}"
EndProject
Project("{9A19103F-16F7-4668-BE54-9A1E7A4F7556}") = "OcelotApiGw", "ApiGateways\OcelotApiGw\OcelotApiGw.csproj", "{BA34A0D7-688B-4477-B177-0DBF8AB13FD1}"
EndProject
Project("{9A19103F-16F7-4668-BE54-9A1E7A4F7556}") = "Shopping.Aggregator", "ApiGateways\Shopping.Aggregator\Shopping.Aggregator.csproj", "{9F5C202B-8268-4FED-BBA2-BD9967AF0A4E}"
EndProject
Project("{2150E333-8FDC-42A3-9474-1A3956D46DE8}") = "WebApps", "WebApps", "{CBA1F229-A811-4876-8B84-2AD9ED38989E}"
EndProject
Project("{9A19103F-16F7-4668-BE54-9A1E7A4F7556}") = "AspnetRunBasics", "WebApps\AspnetRunBasics\AspnetRunBasics.csproj", "{505AF408-6323-4AF4-9856-88AEEF01D7A4}"
EndProject
Project("{9A19103F-16F7-4668-BE54-9A1E7A4F7556}") = "Common.Logging", "BuildingBlocks\Common.Logging\Common.Logging.csproj", "{D88AF6EC-09B5-4393-8114-2A7AF2866DA8}"
EndProject
Project("{FAE04EC0-301F-11D3-BF4B-00C04F79EFBC}") = "WebStatus", "WebApps\WebStatus\WebStatus.csproj", "{8B2F665B-2368-4DDD-8523-E7E06F56DB7D}"
EndProject
Global
	GlobalSection(SolutionConfigurationPlatforms) = preSolution
		Debug|Any CPU = Debug|Any CPU
		Release|Any CPU = Release|Any CPU
	EndGlobalSection
	GlobalSection(ProjectConfigurationPlatforms) = postSolution
		{4D27C160-8272-4098-A2EA-BF7C87853C11}.Debug|Any CPU.ActiveCfg = Debug|Any CPU
		{4D27C160-8272-4098-A2EA-BF7C87853C11}.Debug|Any CPU.Build.0 = Debug|Any CPU
		{4D27C160-8272-4098-A2EA-BF7C87853C11}.Release|Any CPU.ActiveCfg = Release|Any CPU
		{4D27C160-8272-4098-A2EA-BF7C87853C11}.Release|Any CPU.Build.0 = Release|Any CPU
		{0D1ECF57-A3F9-4F6F-91AE-8A42175FE479}.Debug|Any CPU.ActiveCfg = Debug|Any CPU
		{0D1ECF57-A3F9-4F6F-91AE-8A42175FE479}.Debug|Any CPU.Build.0 = Debug|Any CPU
		{0D1ECF57-A3F9-4F6F-91AE-8A42175FE479}.Release|Any CPU.ActiveCfg = Release|Any CPU
		{0D1ECF57-A3F9-4F6F-91AE-8A42175FE479}.Release|Any CPU.Build.0 = Release|Any CPU
		{E1EF4585-1B5D-4384-99C1-5560845661C0}.Debug|Any CPU.ActiveCfg = Debug|Any CPU
		{E1EF4585-1B5D-4384-99C1-5560845661C0}.Debug|Any CPU.Build.0 = Debug|Any CPU
		{E1EF4585-1B5D-4384-99C1-5560845661C0}.Release|Any CPU.ActiveCfg = Release|Any CPU
		{E1EF4585-1B5D-4384-99C1-5560845661C0}.Release|Any CPU.Build.0 = Release|Any CPU
		{2EA0B1AA-CCDD-496F-B9E1-543F59BE2D50}.Debug|Any CPU.ActiveCfg = Debug|Any CPU
		{2EA0B1AA-CCDD-496F-B9E1-543F59BE2D50}.Debug|Any CPU.Build.0 = Debug|Any CPU
		{2EA0B1AA-CCDD-496F-B9E1-543F59BE2D50}.Release|Any CPU.ActiveCfg = Release|Any CPU
		{2EA0B1AA-CCDD-496F-B9E1-543F59BE2D50}.Release|Any CPU.Build.0 = Release|Any CPU
		{9B096E7C-6065-4110-9126-87B0136E2C1C}.Debug|Any CPU.ActiveCfg = Debug|Any CPU
		{9B096E7C-6065-4110-9126-87B0136E2C1C}.Debug|Any CPU.Build.0 = Debug|Any CPU
		{9B096E7C-6065-4110-9126-87B0136E2C1C}.Release|Any CPU.ActiveCfg = Release|Any CPU
		{9B096E7C-6065-4110-9126-87B0136E2C1C}.Release|Any CPU.Build.0 = Release|Any CPU
		{7D837BE0-6174-40FE-930A-999C6086CA98}.Debug|Any CPU.ActiveCfg = Debug|Any CPU
		{7D837BE0-6174-40FE-930A-999C6086CA98}.Debug|Any CPU.Build.0 = Debug|Any CPU
		{7D837BE0-6174-40FE-930A-999C6086CA98}.Release|Any CPU.ActiveCfg = Release|Any CPU
		{7D837BE0-6174-40FE-930A-999C6086CA98}.Release|Any CPU.Build.0 = Release|Any CPU
		{A2916614-2011-41C1-88BD-9BC5751DF0D7}.Debug|Any CPU.ActiveCfg = Debug|Any CPU
		{A2916614-2011-41C1-88BD-9BC5751DF0D7}.Debug|Any CPU.Build.0 = Debug|Any CPU
		{A2916614-2011-41C1-88BD-9BC5751DF0D7}.Release|Any CPU.ActiveCfg = Release|Any CPU
		{A2916614-2011-41C1-88BD-9BC5751DF0D7}.Release|Any CPU.Build.0 = Release|Any CPU
		{C8894891-289C-419B-9588-3ECBA5C56B91}.Debug|Any CPU.ActiveCfg = Debug|Any CPU
		{C8894891-289C-419B-9588-3ECBA5C56B91}.Debug|Any CPU.Build.0 = Debug|Any CPU
		{C8894891-289C-419B-9588-3ECBA5C56B91}.Release|Any CPU.ActiveCfg = Release|Any CPU
		{C8894891-289C-419B-9588-3ECBA5C56B91}.Release|Any CPU.Build.0 = Release|Any CPU
		{2AA4D74F-FDF3-4E1A-AEAC-84CCD0461C71}.Debug|Any CPU.ActiveCfg = Debug|Any CPU
		{2AA4D74F-FDF3-4E1A-AEAC-84CCD0461C71}.Debug|Any CPU.Build.0 = Debug|Any CPU
		{2AA4D74F-FDF3-4E1A-AEAC-84CCD0461C71}.Release|Any CPU.ActiveCfg = Release|Any CPU
		{2AA4D74F-FDF3-4E1A-AEAC-84CCD0461C71}.Release|Any CPU.Build.0 = Release|Any CPU
		{19833FAC-F135-4A4A-8438-0F6E1C25B4A2}.Debug|Any CPU.ActiveCfg = Debug|Any CPU
		{19833FAC-F135-4A4A-8438-0F6E1C25B4A2}.Debug|Any CPU.Build.0 = Debug|Any CPU
		{19833FAC-F135-4A4A-8438-0F6E1C25B4A2}.Release|Any CPU.ActiveCfg = Release|Any CPU
		{19833FAC-F135-4A4A-8438-0F6E1C25B4A2}.Release|Any CPU.Build.0 = Release|Any CPU
		{BA34A0D7-688B-4477-B177-0DBF8AB13FD1}.Debug|Any CPU.ActiveCfg = Debug|Any CPU
		{BA34A0D7-688B-4477-B177-0DBF8AB13FD1}.Debug|Any CPU.Build.0 = Debug|Any CPU
		{BA34A0D7-688B-4477-B177-0DBF8AB13FD1}.Release|Any CPU.ActiveCfg = Release|Any CPU
		{BA34A0D7-688B-4477-B177-0DBF8AB13FD1}.Release|Any CPU.Build.0 = Release|Any CPU
		{9F5C202B-8268-4FED-BBA2-BD9967AF0A4E}.Debug|Any CPU.ActiveCfg = Debug|Any CPU
		{9F5C202B-8268-4FED-BBA2-BD9967AF0A4E}.Debug|Any CPU.Build.0 = Debug|Any CPU
		{9F5C202B-8268-4FED-BBA2-BD9967AF0A4E}.Release|Any CPU.ActiveCfg = Release|Any CPU
		{9F5C202B-8268-4FED-BBA2-BD9967AF0A4E}.Release|Any CPU.Build.0 = Release|Any CPU
		{505AF408-6323-4AF4-9856-88AEEF01D7A4}.Debug|Any CPU.ActiveCfg = Debug|Any CPU
		{505AF408-6323-4AF4-9856-88AEEF01D7A4}.Debug|Any CPU.Build.0 = Debug|Any CPU
		{505AF408-6323-4AF4-9856-88AEEF01D7A4}.Release|Any CPU.ActiveCfg = Release|Any CPU
		{505AF408-6323-4AF4-9856-88AEEF01D7A4}.Release|Any CPU.Build.0 = Release|Any CPU
		{D88AF6EC-09B5-4393-8114-2A7AF2866DA8}.Debug|Any CPU.ActiveCfg = Debug|Any CPU
		{D88AF6EC-09B5-4393-8114-2A7AF2866DA8}.Debug|Any CPU.Build.0 = Debug|Any CPU
		{D88AF6EC-09B5-4393-8114-2A7AF2866DA8}.Release|Any CPU.ActiveCfg = Release|Any CPU
		{D88AF6EC-09B5-4393-8114-2A7AF2866DA8}.Release|Any CPU.Build.0 = Release|Any CPU
		{8B2F665B-2368-4DDD-8523-E7E06F56DB7D}.Debug|Any CPU.ActiveCfg = Debug|Any CPU
		{8B2F665B-2368-4DDD-8523-E7E06F56DB7D}.Debug|Any CPU.Build.0 = Debug|Any CPU
		{8B2F665B-2368-4DDD-8523-E7E06F56DB7D}.Release|Any CPU.ActiveCfg = Release|Any CPU
		{8B2F665B-2368-4DDD-8523-E7E06F56DB7D}.Release|Any CPU.Build.0 = Release|Any CPU
	EndGlobalSection
	GlobalSection(SolutionProperties) = preSolution
		HideSolutionNode = FALSE
	EndGlobalSection
	GlobalSection(NestedProjects) = preSolution
		{4AA9AC0D-DCD1-4B00-B4AF-4FDAFF734DD9} = {BCABA7AC-C0AF-4A67-A7E3-237AC49D3647}
		{4D27C160-8272-4098-A2EA-BF7C87853C11} = {4AA9AC0D-DCD1-4B00-B4AF-4FDAFF734DD9}
		{F958F369-CD86-49E9-841B-8088F29A8D3B} = {BCABA7AC-C0AF-4A67-A7E3-237AC49D3647}
		{E1EF4585-1B5D-4384-99C1-5560845661C0} = {F958F369-CD86-49E9-841B-8088F29A8D3B}
		{46B6F485-030B-47FB-A926-DEB958309B82} = {BCABA7AC-C0AF-4A67-A7E3-237AC49D3647}
		{2EA0B1AA-CCDD-496F-B9E1-543F59BE2D50} = {46B6F485-030B-47FB-A926-DEB958309B82}
		{9B096E7C-6065-4110-9126-87B0136E2C1C} = {46B6F485-030B-47FB-A926-DEB958309B82}
		{C2B705E1-6DC2-4FF3-B1EC-CF8D743C4158} = {BCABA7AC-C0AF-4A67-A7E3-237AC49D3647}
		{7D837BE0-6174-40FE-930A-999C6086CA98} = {C2B705E1-6DC2-4FF3-B1EC-CF8D743C4158}
		{A2916614-2011-41C1-88BD-9BC5751DF0D7} = {C2B705E1-6DC2-4FF3-B1EC-CF8D743C4158}
		{C8894891-289C-419B-9588-3ECBA5C56B91} = {C2B705E1-6DC2-4FF3-B1EC-CF8D743C4158}
		{2AA4D74F-FDF3-4E1A-AEAC-84CCD0461C71} = {C2B705E1-6DC2-4FF3-B1EC-CF8D743C4158}
		{19833FAC-F135-4A4A-8438-0F6E1C25B4A2} = {1842EDD9-E70B-4426-A64E-031BB52447EC}
		{BA34A0D7-688B-4477-B177-0DBF8AB13FD1} = {D3861DA8-9388-4827-B172-A06B18CBB4A8}
		{9F5C202B-8268-4FED-BBA2-BD9967AF0A4E} = {D3861DA8-9388-4827-B172-A06B18CBB4A8}
		{505AF408-6323-4AF4-9856-88AEEF01D7A4} = {CBA1F229-A811-4876-8B84-2AD9ED38989E}
		{D88AF6EC-09B5-4393-8114-2A7AF2866DA8} = {1842EDD9-E70B-4426-A64E-031BB52447EC}
		{8B2F665B-2368-4DDD-8523-E7E06F56DB7D} = {CBA1F229-A811-4876-8B84-2AD9ED38989E}
	EndGlobalSection
	GlobalSection(ExtensibilityGlobals) = postSolution
		SolutionGuid = {5B94DDB4-21C9-4AE9-A5F0-804A29DE2623}
	EndGlobalSection
EndGlobal
